
Microsoft Visual Studio Solution File, Format Version 12.00
# Visual Studio 14
VisualStudioVersion = 14.0.24720.0
MinimumVisualStudioVersion = 10.0.40219.1
Project("{FAE04EC0-301F-11D3-BF4B-00C04F79EFBC}") = "WeatherApi", "WeatherApi\WeatherApi.csproj", "{0738705A-278B-4160-983E-F8EB0D89AF4C}"
EndProject
Global
	GlobalSection(SolutionConfigurationPlatforms) = preSolution
		Debug|Any CPU = Debug|Any CPU
		Release|Any CPU = Release|Any CPU
	EndGlobalSection
	GlobalSection(ProjectConfigurationPlatforms) = postSolution
		{0738705A-278B-4160-983E-F8EB0D89AF4C}.Debug|Any CPU.ActiveCfg = Debug|Any CPU
		{0738705A-278B-4160-983E-F8EB0D89AF4C}.Debug|Any CPU.Build.0 = Debug|Any CPU
		{0738705A-278B-4160-983E-F8EB0D89AF4C}.Release|Any CPU.ActiveCfg = Release|Any CPU
		{0738705A-278B-4160-983E-F8EB0D89AF4C}.Release|Any CPU.Build.0 = Release|Any CPU
	EndGlobalSection
	GlobalSection(SolutionProperties) = preSolution
		HideSolutionNode = FALSE
	EndGlobalSection
EndGlobal
